
Microsoft Visual Studio Solution File, Format Version 12.00
# Visual Studio Version 17
VisualStudioVersion = 17.0.31903.59
MinimumVisualStudioVersion = 10.0.40219.1
Project("{2150E333-8FDC-42A3-9474-1A3956D46DE8}") = "src", "src", "{827E0CD3-B72D-47B6-A68D-7590B98EB39B}"
EndProject
Project("{FAE04EC0-301F-11D3-BF4B-00C04F79EFBC}") = "Mtp.Platform.Core", "src\Mtp.Platform.Core\Mtp.Platform.Core.csproj", "{0696E4CC-1023-45EE-9BD6-D49EF7C4E0CB}"
EndProject
Project("{FAE04EC0-301F-11D3-BF4B-00C04F79EFBC}") = "Mtp.Contracts", "src\Mtp.Contracts\Mtp.Contracts.csproj", "{86DB0850-5EB8-4672-BA36-3AC38E62277F}"
EndProject
Project("{FAE04EC0-301F-11D3-BF4B-00C04F79EFBC}") = "Mtp.Host", "src\Mtp.Host\Mtp.Host.csproj", "{ED8847F5-98F1-4D98-8EE9-95C5C1EE8950}"
EndProject
Project("{2150E333-8FDC-42A3-9474-1A3956D46DE8}") = "tests", "tests", "{0AB3BF05-4346-4AA6-1389-037BE0695223}"
EndProject
Project("{FAE04EC0-301F-11D3-BF4B-00C04F79EFBC}") = "Mtp.Platform.Core.Tests", "tests\Mtp.Platform.Core.Tests\Mtp.Platform.Core.Tests.csproj", "{F96094D8-270D-444D-93EE-A3AA58697EEC}"
EndProject
Project("{FAE04EC0-301F-11D3-BF4B-00C04F79EFBC}") = "Mtp.Host.Runtime", "src\Mtp.Host.Runtime\Mtp.Host.Runtime.csproj", "{A81CD02A-587F-4FE4-B73B-24E02E5E3417}"
EndProject
Project("{FAE04EC0-301F-11D3-BF4B-00C04F79EFBC}") = "Mtp.Host.Windows.Tests", "tests\Mtp.Host.Windows.Tests\Mtp.Host.Windows.Tests.csproj", "{3DD8E3A4-C83B-4617-AEDF-310DF746AED4}"
EndProject
Project("{FAE04EC0-301F-11D3-BF4B-00C04F79EFBC}") = "Mtp.PreferenceStore.ProcessProbe", "tests\Mtp.PreferenceStore.ProcessProbe\Mtp.PreferenceStore.ProcessProbe.csproj", "{6FC133A5-D5DE-45B2-8DAB-B10BE225F70A}"
EndProject
Project("{FAE04EC0-301F-11D3-BF4B-00C04F79EFBC}") = "Mtp.Host.Legacy.Runtime", "tests\Mtp.Host.Legacy.Runtime\Mtp.Host.Legacy.Runtime.csproj", "{E048DE64-CAB1-475A-8C8C-C60098E36566}"
EndProject
Project("{FAE04EC0-301F-11D3-BF4B-00C04F79EFBC}") = "Mtp.Host.Legacy.Windows", "tests\Mtp.Host.Legacy.Windows\Mtp.Host.Legacy.Windows.csproj", "{C3AA662F-B27F-431C-8A5C-EACE6C13A171}"
EndProject
Project("{FAE04EC0-301F-11D3-BF4B-00C04F79EFBC}") = "Mtp.Transport", "src\Mtp.Transport\Mtp.Transport.csproj", "{C8495F63-358C-4C66-B9FD-76F2DB843653}"
EndProject
Project("{FAE04EC0-301F-11D3-BF4B-00C04F79EFBC}") = "Mtp.Sdk", "src\Mtp.Sdk\Mtp.Sdk.csproj", "{CEE7F212-8735-4453-B169-7A3F7E4770D9}"
EndProject
Project("{FAE04EC0-301F-11D3-BF4B-00C04F79EFBC}") = "Mtp.Broker", "src\Mtp.Broker\Mtp.Broker.csproj", "{94C03E63-3CCB-42EB-9B3D-5DAA73F958B3}"
EndProject
Project("{2150E333-8FDC-42A3-9474-1A3956D46DE8}") = "samples", "samples", "{5D20AA90-6969-D8BD-9DCD-8634F4692FDA}"
EndProject
Project("{FAE04EC0-301F-11D3-BF4B-00C04F79EFBC}") = "Mtp.CounterService", "samples\Mtp.CounterService\Mtp.CounterService.csproj", "{8A4C961F-0F0D-4F40-B1B6-18BDF90A3BEC}"
EndProject
Project("{FAE04EC0-301F-11D3-BF4B-00C04F79EFBC}") = "Mtp.Transport.Tests", "tests\Mtp.Transport.Tests\Mtp.Transport.Tests.csproj", "{0B9583E0-FAD2-4169-9020-179EF3F184A5}"
EndProject
Project("{FAE04EC0-301F-11D3-BF4B-00C04F79EFBC}") = "Mtp.Communication.Tests", "tests\Mtp.Communication.Tests\Mtp.Communication.Tests.csproj", "{D90A58FC-3A0F-46A1-BEB8-3CAB6A328170}"
EndProject
Project("{FAE04EC0-301F-11D3-BF4B-00C04F79EFBC}") = "Mtp.Communication.ProcessProbe", "tests\Mtp.Communication.ProcessProbe\Mtp.Communication.ProcessProbe.csproj", "{9BDD3BFA-59E8-454C-9E13-94EF927C882F}"
EndProject
Project("{FAE04EC0-301F-11D3-BF4B-00C04F79EFBC}") = "Mtp.DynamicContent.ProcessProbe", "tests\Mtp.DynamicContent.ProcessProbe\Mtp.DynamicContent.ProcessProbe.csproj", "{D5F105F4-740C-44B1-971C-42E40E6FC47A}"
EndProject
Project("{FAE04EC0-301F-11D3-BF4B-00C04F79EFBC}") = "Mtp.Flyout.ProcessProbe", "tests\Mtp.Flyout.ProcessProbe\Mtp.Flyout.ProcessProbe.csproj", "{7F4406A9-B905-43D7-8BE9-FB92549E6BCE}"
EndProject
Project("{FAE04EC0-301F-11D3-BF4B-00C04F79EFBC}") = "Mtp.Action.ProcessProbe", "tests\Mtp.Action.ProcessProbe\Mtp.Action.ProcessProbe.csproj", "{7E998BF1-19DD-4912-B038-6864B54D9E15}"
EndProject
Project("{FAE04EC0-301F-11D3-BF4B-00C04F79EFBC}") = "Mtp.Heartbeat.ProcessProbe", "tests\Mtp.Heartbeat.ProcessProbe\Mtp.Heartbeat.ProcessProbe.csproj", "{2DE59BD3-1832-4538-B563-63AE9C8FD09A}"
EndProject
Project("{FAE04EC0-301F-11D3-BF4B-00C04F79EFBC}") = "Mtp.Recovery.ProcessProbe", "tests\Mtp.Recovery.ProcessProbe\Mtp.Recovery.ProcessProbe.csproj", "{C1F0B8E4-2DFD-44CA-80EF-41918F531D67}"
EndProject
Project("{FAE04EC0-301F-11D3-BF4B-00C04F79EFBC}") = "Mtp.Activity.ProcessProbe", "tests\Mtp.Activity.ProcessProbe\Mtp.Activity.ProcessProbe.csproj", "{5252EEC3-F043-4BCE-B70C-3F346797C91C}"
EndProject
Global
	GlobalSection(SolutionConfigurationPlatforms) = preSolution
		Debug|Any CPU = Debug|Any CPU
		Debug|x64 = Debug|x64
		Debug|x86 = Debug|x86
		Release|Any CPU = Release|Any CPU
		Release|x64 = Release|x64
		Release|x86 = Release|x86
	EndGlobalSection
	GlobalSection(ProjectConfigurationPlatforms) = postSolution
		{0696E4CC-1023-45EE-9BD6-D49EF7C4E0CB}.Debug|Any CPU.ActiveCfg = Debug|Any CPU
		{0696E4CC-1023-45EE-9BD6-D49EF7C4E0CB}.Debug|Any CPU.Build.0 = Debug|Any CPU
		{0696E4CC-1023-45EE-9BD6-D49EF7C4E0CB}.Debug|x64.ActiveCfg = Debug|Any CPU
		{0696E4CC-1023-45EE-9BD6-D49EF7C4E0CB}.Debug|x64.Build.0 = Debug|Any CPU
		{0696E4CC-1023-45EE-9BD6-D49EF7C4E0CB}.Debug|x86.ActiveCfg = Debug|Any CPU
		{0696E4CC-1023-45EE-9BD6-D49EF7C4E0CB}.Debug|x86.Build.0 = Debug|Any CPU
		{0696E4CC-1023-45EE-9BD6-D49EF7C4E0CB}.Release|Any CPU.ActiveCfg = Release|Any CPU
		{0696E4CC-1023-45EE-9BD6-D49EF7C4E0CB}.Release|Any CPU.Build.0 = Release|Any CPU
		{0696E4CC-1023-45EE-9BD6-D49EF7C4E0CB}.Release|x64.ActiveCfg = Release|Any CPU
		{0696E4CC-1023-45EE-9BD6-D49EF7C4E0CB}.Release|x64.Build.0 = Release|Any CPU
		{0696E4CC-1023-45EE-9BD6-D49EF7C4E0CB}.Release|x86.ActiveCfg = Release|Any CPU
		{0696E4CC-1023-45EE-9BD6-D49EF7C4E0CB}.Release|x86.Build.0 = Release|Any CPU
		{86DB0850-5EB8-4672-BA36-3AC38E62277F}.Debug|Any CPU.ActiveCfg = Debug|Any CPU
		{86DB0850-5EB8-4672-BA36-3AC38E62277F}.Debug|Any CPU.Build.0 = Debug|Any CPU
		{86DB0850-5EB8-4672-BA36-3AC38E62277F}.Debug|x64.ActiveCfg = Debug|Any CPU
		{86DB0850-5EB8-4672-BA36-3AC38E62277F}.Debug|x64.Build.0 = Debug|Any CPU
		{86DB0850-5EB8-4672-BA36-3AC38E62277F}.Debug|x86.ActiveCfg = Debug|Any CPU
		{86DB0850-5EB8-4672-BA36-3AC38E62277F}.Debug|x86.Build.0 = Debug|Any CPU
		{86DB0850-5EB8-4672-BA36-3AC38E62277F}.Release|Any CPU.ActiveCfg = Release|Any CPU
		{86DB0850-5EB8-4672-BA36-3AC38E62277F}.Release|Any CPU.Build.0 = Release|Any CPU
		{86DB0850-5EB8-4672-BA36-3AC38E62277F}.Release|x64.ActiveCfg = Release|Any CPU
		{86DB0850-5EB8-4672-BA36-3AC38E62277F}.Release|x64.Build.0 = Release|Any CPU
		{86DB0850-5EB8-4672-BA36-3AC38E62277F}.Release|x86.ActiveCfg = Release|Any CPU
		{86DB0850-5EB8-4672-BA36-3AC38E62277F}.Release|x86.Build.0 = Release|Any CPU
		{ED8847F5-98F1-4D98-8EE9-95C5C1EE8950}.Debug|Any CPU.ActiveCfg = Debug|Any CPU
		{ED8847F5-98F1-4D98-8EE9-95C5C1EE8950}.Debug|Any CPU.Build.0 = Debug|Any CPU
		{ED8847F5-98F1-4D98-8EE9-95C5C1EE8950}.Debug|x64.ActiveCfg = Debug|Any CPU
		{ED8847F5-98F1-4D98-8EE9-95C5C1EE8950}.Debug|x64.Build.0 = Debug|Any CPU
		{ED8847F5-98F1-4D98-8EE9-95C5C1EE8950}.Debug|x86.ActiveCfg = Debug|Any CPU
		{ED8847F5-98F1-4D98-8EE9-95C5C1EE8950}.Debug|x86.Build.0 = Debug|Any CPU
		{ED8847F5-98F1-4D98-8EE9-95C5C1EE8950}.Release|Any CPU.ActiveCfg = Release|Any CPU
		{ED8847F5-98F1-4D98-8EE9-95C5C1EE8950}.Release|Any CPU.Build.0 = Release|Any CPU
		{ED8847F5-98F1-4D98-8EE9-95C5C1EE8950}.Release|x64.ActiveCfg = Release|Any CPU
		{ED8847F5-98F1-4D98-8EE9-95C5C1EE8950}.Release|x64.Build.0 = Release|Any CPU
		{ED8847F5-98F1-4D98-8EE9-95C5C1EE8950}.Release|x86.ActiveCfg = Release|Any CPU
		{ED8847F5-98F1-4D98-8EE9-95C5C1EE8950}.Release|x86.Build.0 = Release|Any CPU
		{F96094D8-270D-444D-93EE-A3AA58697EEC}.Debug|Any CPU.ActiveCfg = Debug|Any CPU
		{F96094D8-270D-444D-93EE-A3AA58697EEC}.Debug|Any CPU.Build.0 = Debug|Any CPU
		{F96094D8-270D-444D-93EE-A3AA58697EEC}.Debug|x64.ActiveCfg = Debug|Any CPU
		{F96094D8-270D-444D-93EE-A3AA58697EEC}.Debug|x64.Build.0 = Debug|Any CPU
		{F96094D8-270D-444D-93EE-A3AA58697EEC}.Debug|x86.ActiveCfg = Debug|Any CPU
		{F96094D8-270D-444D-93EE-A3AA58697EEC}.Debug|x86.Build.0 = Debug|Any CPU
		{F96094D8-270D-444D-93EE-A3AA58697EEC}.Release|Any CPU.ActiveCfg = Release|Any CPU
		{F96094D8-270D-444D-93EE-A3AA58697EEC}.Release|Any CPU.Build.0 = Release|Any CPU
		{F96094D8-270D-444D-93EE-A3AA58697EEC}.Release|x64.ActiveCfg = Release|Any CPU
		{F96094D8-270D-444D-93EE-A3AA58697EEC}.Release|x64.Build.0 = Release|Any CPU
		{F96094D8-270D-444D-93EE-A3AA58697EEC}.Release|x86.ActiveCfg = Release|Any CPU
		{F96094D8-270D-444D-93EE-A3AA58697EEC}.Release|x86.Build.0 = Release|Any CPU
		{A81CD02A-587F-4FE4-B73B-24E02E5E3417}.Debug|Any CPU.ActiveCfg = Debug|Any CPU
		{A81CD02A-587F-4FE4-B73B-24E02E5E3417}.Debug|Any CPU.Build.0 = Debug|Any CPU
		{A81CD02A-587F-4FE4-B73B-24E02E5E3417}.Debug|x64.ActiveCfg = Debug|Any CPU
		{A81CD02A-587F-4FE4-B73B-24E02E5E3417}.Debug|x64.Build.0 = Debug|Any CPU
		{A81CD02A-587F-4FE4-B73B-24E02E5E3417}.Debug|x86.ActiveCfg = Debug|Any CPU
		{A81CD02A-587F-4FE4-B73B-24E02E5E3417}.Debug|x86.Build.0 = Debug|Any CPU
		{A81CD02A-587F-4FE4-B73B-24E02E5E3417}.Release|Any CPU.ActiveCfg = Release|Any CPU
		{A81CD02A-587F-4FE4-B73B-24E02E5E3417}.Release|Any CPU.Build.0 = Release|Any CPU
		{A81CD02A-587F-4FE4-B73B-24E02E5E3417}.Release|x64.ActiveCfg = Release|Any CPU
		{A81CD02A-587F-4FE4-B73B-24E02E5E3417}.Release|x64.Build.0 = Release|Any CPU
		{A81CD02A-587F-4FE4-B73B-24E02E5E3417}.Release|x86.ActiveCfg = Release|Any CPU
		{A81CD02A-587F-4FE4-B73B-24E02E5E3417}.Release|x86.Build.0 = Release|Any CPU
		{3DD8E3A4-C83B-4617-AEDF-310DF746AED4}.Debug|Any CPU.ActiveCfg = Debug|Any CPU
		{3DD8E3A4-C83B-4617-AEDF-310DF746AED4}.Debug|Any CPU.Build.0 = Debug|Any CPU
		{3DD8E3A4-C83B-4617-AEDF-310DF746AED4}.Debug|x64.ActiveCfg = Debug|Any CPU
		{3DD8E3A4-C83B-4617-AEDF-310DF746AED4}.Debug|x64.Build.0 = Debug|Any CPU
		{3DD8E3A4-C83B-4617-AEDF-310DF746AED4}.Debug|x86.ActiveCfg = Debug|Any CPU
		{3DD8E3A4-C83B-4617-AEDF-310DF746AED4}.Debug|x86.Build.0 = Debug|Any CPU
		{3DD8E3A4-C83B-4617-AEDF-310DF746AED4}.Release|Any CPU.ActiveCfg = Release|Any CPU
		{3DD8E3A4-C83B-4617-AEDF-310DF746AED4}.Release|Any CPU.Build.0 = Release|Any CPU
		{3DD8E3A4-C83B-4617-AEDF-310DF746AED4}.Release|x64.ActiveCfg = Release|Any CPU
		{3DD8E3A4-C83B-4617-AEDF-310DF746AED4}.Release|x64.Build.0 = Release|Any CPU
		{3DD8E3A4-C83B-4617-AEDF-310DF746AED4}.Release|x86.ActiveCfg = Release|Any CPU
		{3DD8E3A4-C83B-4617-AEDF-310DF746AED4}.Release|x86.Build.0 = Release|Any CPU
		{6FC133A5-D5DE-45B2-8DAB-B10BE225F70A}.Debug|Any CPU.ActiveCfg = Debug|Any CPU
		{6FC133A5-D5DE-45B2-8DAB-B10BE225F70A}.Debug|Any CPU.Build.0 = Debug|Any CPU
		{6FC133A5-D5DE-45B2-8DAB-B10BE225F70A}.Debug|x64.ActiveCfg = Debug|Any CPU
		{6FC133A5-D5DE-45B2-8DAB-B10BE225F70A}.Debug|x64.Build.0 = Debug|Any CPU
		{6FC133A5-D5DE-45B2-8DAB-B10BE225F70A}.Debug|x86.ActiveCfg = Debug|Any CPU
		{6FC133A5-D5DE-45B2-8DAB-B10BE225F70A}.Debug|x86.Build.0 = Debug|Any CPU
		{6FC133A5-D5DE-45B2-8DAB-B10BE225F70A}.Release|Any CPU.ActiveCfg = Release|Any CPU
		{6FC133A5-D5DE-45B2-8DAB-B10BE225F70A}.Release|Any CPU.Build.0 = Release|Any CPU
		{6FC133A5-D5DE-45B2-8DAB-B10BE225F70A}.Release|x64.ActiveCfg = Release|Any CPU
		{6FC133A5-D5DE-45B2-8DAB-B10BE225F70A}.Release|x64.Build.0 = Release|Any CPU
		{6FC133A5-D5DE-45B2-8DAB-B10BE225F70A}.Release|x86.ActiveCfg = Release|Any CPU
		{6FC133A5-D5DE-45B2-8DAB-B10BE225F70A}.Release|x86.Build.0 = Release|Any CPU
		{E048DE64-CAB1-475A-8C8C-C60098E36566}.Debug|Any CPU.ActiveCfg = Debug|Any CPU
		{E048DE64-CAB1-475A-8C8C-C60098E36566}.Debug|Any CPU.Build.0 = Debug|Any CPU
		{E048DE64-CAB1-475A-8C8C-C60098E36566}.Debug|x64.ActiveCfg = Debug|Any CPU
		{E048DE64-CAB1-475A-8C8C-C60098E36566}.Debug|x64.Build.0 = Debug|Any CPU
		{E048DE64-CAB1-475A-8C8C-C60098E36566}.Debug|x86.ActiveCfg = Debug|Any CPU
		{E048DE64-CAB1-475A-8C8C-C60098E36566}.Debug|x86.Build.0 = Debug|Any CPU
		{E048DE64-CAB1-475A-8C8C-C60098E36566}.Release|Any CPU.ActiveCfg = Release|Any CPU
		{E048DE64-CAB1-475A-8C8C-C60098E36566}.Release|Any CPU.Build.0 = Release|Any CPU
		{E048DE64-CAB1-475A-8C8C-C60098E36566}.Release|x64.ActiveCfg = Release|Any CPU
		{E048DE64-CAB1-475A-8C8C-C60098E36566}.Release|x64.Build.0 = Release|Any CPU
		{E048DE64-CAB1-475A-8C8C-C60098E36566}.Release|x86.ActiveCfg = Release|Any CPU
		{E048DE64-CAB1-475A-8C8C-C60098E36566}.Release|x86.Build.0 = Release|Any CPU
		{C3AA662F-B27F-431C-8A5C-EACE6C13A171}.Debug|Any CPU.ActiveCfg = Debug|Any CPU
		{C3AA662F-B27F-431C-8A5C-EACE6C13A171}.Debug|Any CPU.Build.0 = Debug|Any CPU
		{C3AA662F-B27F-431C-8A5C-EACE6C13A171}.Debug|x64.ActiveCfg = Debug|Any CPU
		{C3AA662F-B27F-431C-8A5C-EACE6C13A171}.Debug|x64.Build.0 = Debug|Any CPU
		{C3AA662F-B27F-431C-8A5C-EACE6C13A171}.Debug|x86.ActiveCfg = Debug|Any CPU
		{C3AA662F-B27F-431C-8A5C-EACE6C13A171}.Debug|x86.Build.0 = Debug|Any CPU
		{C3AA662F-B27F-431C-8A5C-EACE6C13A171}.Release|Any CPU.ActiveCfg = Release|Any CPU
		{C3AA662F-B27F-431C-8A5C-EACE6C13A171}.Release|Any CPU.Build.0 = Release|Any CPU
		{C3AA662F-B27F-431C-8A5C-EACE6C13A171}.Release|x64.ActiveCfg = Release|Any CPU
		{C3AA662F-B27F-431C-8A5C-EACE6C13A171}.Release|x64.Build.0 = Release|Any CPU
		{C3AA662F-B27F-431C-8A5C-EACE6C13A171}.Release|x86.ActiveCfg = Release|Any CPU
		{C3AA662F-B27F-431C-8A5C-EACE6C13A171}.Release|x86.Build.0 = Release|Any CPU
		{C8495F63-358C-4C66-B9FD-76F2DB843653}.Debug|Any CPU.ActiveCfg = Debug|Any CPU
		{C8495F63-358C-4C66-B9FD-76F2DB843653}.Debug|Any CPU.Build.0 = Debug|Any CPU
		{C8495F63-358C-4C66-B9FD-76F2DB843653}.Debug|x64.ActiveCfg = Debug|Any CPU
		{C8495F63-358C-4C66-B9FD-76F2DB843653}.Debug|x64.Build.0 = Debug|Any CPU
		{C8495F63-358C-4C66-B9FD-76F2DB843653}.Debug|x86.ActiveCfg = Debug|Any CPU
		{C8495F63-358C-4C66-B9FD-76F2DB843653}.Debug|x86.Build.0 = Debug|Any CPU
		{C8495F63-358C-4C66-B9FD-76F2DB843653}.Release|Any CPU.ActiveCfg = Release|Any CPU
		{C8495F63-358C-4C66-B9FD-76F2DB843653}.Release|Any CPU.Build.0 = Release|Any CPU
		{C8495F63-358C-4C66-B9FD-76F2DB843653}.Release|x64.ActiveCfg = Release|Any CPU
		{C8495F63-358C-4C66-B9FD-76F2DB843653}.Release|x64.Build.0 = Release|Any CPU
		{C8495F63-358C-4C66-B9FD-76F2DB843653}.Release|x86.ActiveCfg = Release|Any CPU
		{C8495F63-358C-4C66-B9FD-76F2DB843653}.Release|x86.Build.0 = Release|Any CPU
		{CEE7F212-8735-4453-B169-7A3F7E4770D9}.Debug|Any CPU.ActiveCfg = Debug|Any CPU
		{CEE7F212-8735-4453-B169-7A3F7E4770D9}.Debug|Any CPU.Build.0 = Debug|Any CPU
		{CEE7F212-8735-4453-B169-7A3F7E4770D9}.Debug|x64.ActiveCfg = Debug|Any CPU
		{CEE7F212-8735-4453-B169-7A3F7E4770D9}.Debug|x64.Build.0 = Debug|Any CPU
		{CEE7F212-8735-4453-B169-7A3F7E4770D9}.Debug|x86.ActiveCfg = Debug|Any CPU
		{CEE7F212-8735-4453-B169-7A3F7E4770D9}.Debug|x86.Build.0 = Debug|Any CPU
		{CEE7F212-8735-4453-B169-7A3F7E4770D9}.Release|Any CPU.ActiveCfg = Release|Any CPU
		{CEE7F212-8735-4453-B169-7A3F7E4770D9}.Release|Any CPU.Build.0 = Release|Any CPU
		{CEE7F212-8735-4453-B169-7A3F7E4770D9}.Release|x64.ActiveCfg = Release|Any CPU
		{CEE7F212-8735-4453-B169-7A3F7E4770D9}.Release|x64.Build.0 = Release|Any CPU
		{CEE7F212-8735-4453-B169-7A3F7E4770D9}.Release|x86.ActiveCfg = Release|Any CPU
		{CEE7F212-8735-4453-B169-7A3F7E4770D9}.Release|x86.Build.0 = Release|Any CPU
		{94C03E63-3CCB-42EB-9B3D-5DAA73F958B3}.Debug|Any CPU.ActiveCfg = Debug|Any CPU
		{94C03E63-3CCB-42EB-9B3D-5DAA73F958B3}.Debug|Any CPU.Build.0 = Debug|Any CPU
		{94C03E63-3CCB-42EB-9B3D-5DAA73F958B3}.Debug|x64.ActiveCfg = Debug|Any CPU
		{94C03E63-3CCB-42EB-9B3D-5DAA73F958B3}.Debug|x64.Build.0 = Debug|Any CPU
		{94C03E63-3CCB-42EB-9B3D-5DAA73F958B3}.Debug|x86.ActiveCfg = Debug|Any CPU
		{94C03E63-3CCB-42EB-9B3D-5DAA73F958B3}.Debug|x86.Build.0 = Debug|Any CPU
		{94C03E63-3CCB-42EB-9B3D-5DAA73F958B3}.Release|Any CPU.ActiveCfg = Release|Any CPU
		{94C03E63-3CCB-42EB-9B3D-5DAA73F958B3}.Release|Any CPU.Build.0 = Release|Any CPU
		{94C03E63-3CCB-42EB-9B3D-5DAA73F958B3}.Release|x64.ActiveCfg = Release|Any CPU
		{94C03E63-3CCB-42EB-9B3D-5DAA73F958B3}.Release|x64.Build.0 = Release|Any CPU
		{94C03E63-3CCB-42EB-9B3D-5DAA73F958B3}.Release|x86.ActiveCfg = Release|Any CPU
		{94C03E63-3CCB-42EB-9B3D-5DAA73F958B3}.Release|x86.Build.0 = Release|Any CPU
		{8A4C961F-0F0D-4F40-B1B6-18BDF90A3BEC}.Debug|Any CPU.ActiveCfg = Debug|Any CPU
		{8A4C961F-0F0D-4F40-B1B6-18BDF90A3BEC}.Debug|Any CPU.Build.0 = Debug|Any CPU
		{8A4C961F-0F0D-4F40-B1B6-18BDF90A3BEC}.Debug|x64.ActiveCfg = Debug|Any CPU
		{8A4C961F-0F0D-4F40-B1B6-18BDF90A3BEC}.Debug|x64.Build.0 = Debug|Any CPU
		{8A4C961F-0F0D-4F40-B1B6-18BDF90A3BEC}.Debug|x86.ActiveCfg = Debug|Any CPU
		{8A4C961F-0F0D-4F40-B1B6-18BDF90A3BEC}.Debug|x86.Build.0 = Debug|Any CPU
		{8A4C961F-0F0D-4F40-B1B6-18BDF90A3BEC}.Release|Any CPU.ActiveCfg = Release|Any CPU
		{8A4C961F-0F0D-4F40-B1B6-18BDF90A3BEC}.Release|Any CPU.Build.0 = Release|Any CPU
		{8A4C961F-0F0D-4F40-B1B6-18BDF90A3BEC}.Release|x64.ActiveCfg = Release|Any CPU
		{8A4C961F-0F0D-4F40-B1B6-18BDF90A3BEC}.Release|x64.Build.0 = Release|Any CPU
		{8A4C961F-0F0D-4F40-B1B6-18BDF90A3BEC}.Release|x86.ActiveCfg = Release|Any CPU
		{8A4C961F-0F0D-4F40-B1B6-18BDF90A3BEC}.Release|x86.Build.0 = Release|Any CPU
		{0B9583E0-FAD2-4169-9020-179EF3F184A5}.Debug|Any CPU.ActiveCfg = Debug|Any CPU
		{0B9583E0-FAD2-4169-9020-179EF3F184A5}.Debug|Any CPU.Build.0 = Debug|Any CPU
		{0B9583E0-FAD2-4169-9020-179EF3F184A5}.Debug|x64.ActiveCfg = Debug|Any CPU
		{0B9583E0-FAD2-4169-9020-179EF3F184A5}.Debug|x64.Build.0 = Debug|Any CPU
		{0B9583E0-FAD2-4169-9020-179EF3F184A5}.Debug|x86.ActiveCfg = Debug|Any CPU
		{0B9583E0-FAD2-4169-9020-179EF3F184A5}.Debug|x86.Build.0 = Debug|Any CPU
		{0B9583E0-FAD2-4169-9020-179EF3F184A5}.Release|Any CPU.ActiveCfg = Release|Any CPU
		{0B9583E0-FAD2-4169-9020-179EF3F184A5}.Release|Any CPU.Build.0 = Release|Any CPU
		{0B9583E0-FAD2-4169-9020-179EF3F184A5}.Release|x64.ActiveCfg = Release|Any CPU
		{0B9583E0-FAD2-4169-9020-179EF3F184A5}.Release|x64.Build.0 = Release|Any CPU
		{0B9583E0-FAD2-4169-9020-179EF3F184A5}.Release|x86.ActiveCfg = Release|Any CPU
		{0B9583E0-FAD2-4169-9020-179EF3F184A5}.Release|x86.Build.0 = Release|Any CPU
		{D90A58FC-3A0F-46A1-BEB8-3CAB6A328170}.Debug|Any CPU.ActiveCfg = Debug|Any CPU
		{D90A58FC-3A0F-46A1-BEB8-3CAB6A328170}.Debug|Any CPU.Build.0 = Debug|Any CPU
		{D90A58FC-3A0F-46A1-BEB8-3CAB6A328170}.Debug|x64.ActiveCfg = Debug|Any CPU
		{D90A58FC-3A0F-46A1-BEB8-3CAB6A328170}.Debug|x64.Build.0 = Debug|Any CPU
		{D90A58FC-3A0F-46A1-BEB8-3CAB6A328170}.Debug|x86.ActiveCfg = Debug|Any CPU
		{D90A58FC-3A0F-46A1-BEB8-3CAB6A328170}.Debug|x86.Build.0 = Debug|Any CPU
		{D90A58FC-3A0F-46A1-BEB8-3CAB6A328170}.Release|Any CPU.ActiveCfg = Release|Any CPU
		{D90A58FC-3A0F-46A1-BEB8-3CAB6A328170}.Release|Any CPU.Build.0 = Release|Any CPU
		{D90A58FC-3A0F-46A1-BEB8-3CAB6A328170}.Release|x64.ActiveCfg = Release|Any CPU
		{D90A58FC-3A0F-46A1-BEB8-3CAB6A328170}.Release|x64.Build.0 = Release|Any CPU
		{D90A58FC-3A0F-46A1-BEB8-3CAB6A328170}.Release|x86.ActiveCfg = Release|Any CPU
		{D90A58FC-3A0F-46A1-BEB8-3CAB6A328170}.Release|x86.Build.0 = Release|Any CPU
		{9BDD3BFA-59E8-454C-9E13-94EF927C882F}.Debug|Any CPU.ActiveCfg = Debug|Any CPU
		{9BDD3BFA-59E8-454C-9E13-94EF927C882F}.Debug|Any CPU.Build.0 = Debug|Any CPU
		{9BDD3BFA-59E8-454C-9E13-94EF927C882F}.Debug|x64.ActiveCfg = Debug|Any CPU
		{9BDD3BFA-59E8-454C-9E13-94EF927C882F}.Debug|x64.Build.0 = Debug|Any CPU
		{9BDD3BFA-59E8-454C-9E13-94EF927C882F}.Debug|x86.ActiveCfg = Debug|Any CPU
		{9BDD3BFA-59E8-454C-9E13-94EF927C882F}.Debug|x86.Build.0 = Debug|Any CPU
		{9BDD3BFA-59E8-454C-9E13-94EF927C882F}.Release|Any CPU.ActiveCfg = Release|Any CPU
		{9BDD3BFA-59E8-454C-9E13-94EF927C882F}.Release|Any CPU.Build.0 = Release|Any CPU
		{9BDD3BFA-59E8-454C-9E13-94EF927C882F}.Release|x64.ActiveCfg = Release|Any CPU
		{9BDD3BFA-59E8-454C-9E13-94EF927C882F}.Release|x64.Build.0 = Release|Any CPU
		{9BDD3BFA-59E8-454C-9E13-94EF927C882F}.Release|x86.ActiveCfg = Release|Any CPU
		{9BDD3BFA-59E8-454C-9E13-94EF927C882F}.Release|x86.Build.0 = Release|Any CPU
		{D5F105F4-740C-44B1-971C-42E40E6FC47A}.Debug|Any CPU.ActiveCfg = Debug|Any CPU
		{D5F105F4-740C-44B1-971C-42E40E6FC47A}.Debug|Any CPU.Build.0 = Debug|Any CPU
		{D5F105F4-740C-44B1-971C-42E40E6FC47A}.Debug|x64.ActiveCfg = Debug|Any CPU
		{D5F105F4-740C-44B1-971C-42E40E6FC47A}.Debug|x64.Build.0 = Debug|Any CPU
		{D5F105F4-740C-44B1-971C-42E40E6FC47A}.Debug|x86.ActiveCfg = Debug|Any CPU
		{D5F105F4-740C-44B1-971C-42E40E6FC47A}.Debug|x86.Build.0 = Debug|Any CPU
		{D5F105F4-740C-44B1-971C-42E40E6FC47A}.Release|Any CPU.ActiveCfg = Release|Any CPU
		{D5F105F4-740C-44B1-971C-42E40E6FC47A}.Release|Any CPU.Build.0 = Release|Any CPU
		{D5F105F4-740C-44B1-971C-42E40E6FC47A}.Release|x64.ActiveCfg = Release|Any CPU
		{D5F105F4-740C-44B1-971C-42E40E6FC47A}.Release|x64.Build.0 = Release|Any CPU
		{D5F105F4-740C-44B1-971C-42E40E6FC47A}.Release|x86.ActiveCfg = Release|Any CPU
		{D5F105F4-740C-44B1-971C-42E40E6FC47A}.Release|x86.Build.0 = Release|Any CPU
		{7F4406A9-B905-43D7-8BE9-FB92549E6BCE}.Debug|Any CPU.ActiveCfg = Debug|Any CPU
		{7F4406A9-B905-43D7-8BE9-FB92549E6BCE}.Debug|Any CPU.Build.0 = Debug|Any CPU
		{7F4406A9-B905-43D7-8BE9-FB92549E6BCE}.Debug|x64.ActiveCfg = Debug|Any CPU
		{7F4406A9-B905-43D7-8BE9-FB92549E6BCE}.Debug|x64.Build.0 = Debug|Any CPU
		{7F4406A9-B905-43D7-8BE9-FB92549E6BCE}.Debug|x86.ActiveCfg = Debug|Any CPU
		{7F4406A9-B905-43D7-8BE9-FB92549E6BCE}.Debug|x86.Build.0 = Debug|Any CPU
		{7F4406A9-B905-43D7-8BE9-FB92549E6BCE}.Release|Any CPU.ActiveCfg = Release|Any CPU
		{7F4406A9-B905-43D7-8BE9-FB92549E6BCE}.Release|Any CPU.Build.0 = Release|Any CPU
		{7F4406A9-B905-43D7-8BE9-FB92549E6BCE}.Release|x64.ActiveCfg = Release|Any CPU
		{7F4406A9-B905-43D7-8BE9-FB92549E6BCE}.Release|x64.Build.0 = Release|Any CPU
		{7F4406A9-B905-43D7-8BE9-FB92549E6BCE}.Release|x86.ActiveCfg = Release|Any CPU
		{7F4406A9-B905-43D7-8BE9-FB92549E6BCE}.Release|x86.Build.0 = Release|Any CPU
		{7E998BF1-19DD-4912-B038-6864B54D9E15}.Debug|Any CPU.ActiveCfg = Debug|Any CPU
		{7E998BF1-19DD-4912-B038-6864B54D9E15}.Debug|Any CPU.Build.0 = Debug|Any CPU
		{7E998BF1-19DD-4912-B038-6864B54D9E15}.Debug|x64.ActiveCfg = Debug|Any CPU
		{7E998BF1-19DD-4912-B038-6864B54D9E15}.Debug|x64.Build.0 = Debug|Any CPU
		{7E998BF1-19DD-4912-B038-6864B54D9E15}.Debug|x86.ActiveCfg = Debug|Any CPU
		{7E998BF1-19DD-4912-B038-6864B54D9E15}.Debug|x86.Build.0 = Debug|Any CPU
		{7E998BF1-19DD-4912-B038-6864B54D9E15}.Release|Any CPU.ActiveCfg = Release|Any CPU
		{7E998BF1-19DD-4912-B038-6864B54D9E15}.Release|Any CPU.Build.0 = Release|Any CPU
		{7E998BF1-19DD-4912-B038-6864B54D9E15}.Release|x64.ActiveCfg = Release|Any CPU
		{7E998BF1-19DD-4912-B038-6864B54D9E15}.Release|x64.Build.0 = Release|Any CPU
		{7E998BF1-19DD-4912-B038-6864B54D9E15}.Release|x86.ActiveCfg = Release|Any CPU
		{7E998BF1-19DD-4912-B038-6864B54D9E15}.Release|x86.Build.0 = Release|Any CPU
		{2DE59BD3-1832-4538-B563-63AE9C8FD09A}.Debug|Any CPU.ActiveCfg = Debug|Any CPU
		{2DE59BD3-1832-4538-B563-63AE9C8FD09A}.Debug|Any CPU.Build.0 = Debug|Any CPU
		{2DE59BD3-1832-4538-B563-63AE9C8FD09A}.Debug|x64.ActiveCfg = Debug|Any CPU
		{2DE59BD3-1832-4538-B563-63AE9C8FD09A}.Debug|x64.Build.0 = Debug|Any CPU
		{2DE59BD3-1832-4538-B563-63AE9C8FD09A}.Debug|x86.ActiveCfg = Debug|Any CPU
		{2DE59BD3-1832-4538-B563-63AE9C8FD09A}.Debug|x86.Build.0 = Debug|Any CPU
		{2DE59BD3-1832-4538-B563-63AE9C8FD09A}.Release|Any CPU.ActiveCfg = Release|Any CPU
		{2DE59BD3-1832-4538-B563-63AE9C8FD09A}.Release|Any CPU.Build.0 = Release|Any CPU
		{2DE59BD3-1832-4538-B563-63AE9C8FD09A}.Release|x64.ActiveCfg = Release|Any CPU
		{2DE59BD3-1832-4538-B563-63AE9C8FD09A}.Release|x64.Build.0 = Release|Any CPU
		{2DE59BD3-1832-4538-B563-63AE9C8FD09A}.Release|x86.ActiveCfg = Release|Any CPU
		{2DE59BD3-1832-4538-B563-63AE9C8FD09A}.Release|x86.Build.0 = Release|Any CPU
		{C1F0B8E4-2DFD-44CA-80EF-41918F531D67}.Debug|Any CPU.ActiveCfg = Debug|Any CPU
		{C1F0B8E4-2DFD-44CA-80EF-41918F531D67}.Debug|Any CPU.Build.0 = Debug|Any CPU
		{C1F0B8E4-2DFD-44CA-80EF-41918F531D67}.Debug|x64.ActiveCfg = Debug|Any CPU
		{C1F0B8E4-2DFD-44CA-80EF-41918F531D67}.Debug|x64.Build.0 = Debug|Any CPU
		{C1F0B8E4-2DFD-44CA-80EF-41918F531D67}.Debug|x86.ActiveCfg = Debug|Any CPU
		{C1F0B8E4-2DFD-44CA-80EF-41918F531D67}.Debug|x86.Build.0 = Debug|Any CPU
		{C1F0B8E4-2DFD-44CA-80EF-41918F531D67}.Release|Any CPU.ActiveCfg = Release|Any CPU
		{C1F0B8E4-2DFD-44CA-80EF-41918F531D67}.Release|Any CPU.Build.0 = Release|Any CPU
		{C1F0B8E4-2DFD-44CA-80EF-41918F531D67}.Release|x64.ActiveCfg = Release|Any CPU
		{C1F0B8E4-2DFD-44CA-80EF-41918F531D67}.Release|x64.Build.0 = Release|Any CPU
		{C1F0B8E4-2DFD-44CA-80EF-41918F531D67}.Release|x86.ActiveCfg = Release|Any CPU
		{C1F0B8E4-2DFD-44CA-80EF-41918F531D67}.Release|x86.Build.0 = Release|Any CPU
		{5252EEC3-F043-4BCE-B70C-3F346797C91C}.Debug|Any CPU.ActiveCfg = Debug|Any CPU
		{5252EEC3-F043-4BCE-B70C-3F346797C91C}.Debug|Any CPU.Build.0 = Debug|Any CPU
		{5252EEC3-F043-4BCE-B70C-3F346797C91C}.Debug|x64.ActiveCfg = Debug|Any CPU
		{5252EEC3-F043-4BCE-B70C-3F346797C91C}.Debug|x64.Build.0 = Debug|Any CPU
		{5252EEC3-F043-4BCE-B70C-3F346797C91C}.Debug|x86.ActiveCfg = Debug|Any CPU
		{5252EEC3-F043-4BCE-B70C-3F346797C91C}.Debug|x86.Build.0 = Debug|Any CPU
		{5252EEC3-F043-4BCE-B70C-3F346797C91C}.Release|Any CPU.ActiveCfg = Release|Any CPU
		{5252EEC3-F043-4BCE-B70C-3F346797C91C}.Release|Any CPU.Build.0 = Release|Any CPU
		{5252EEC3-F043-4BCE-B70C-3F346797C91C}.Release|x64.ActiveCfg = Release|Any CPU
		{5252EEC3-F043-4BCE-B70C-3F346797C91C}.Release|x64.Build.0 = Release|Any CPU
		{5252EEC3-F043-4BCE-B70C-3F346797C91C}.Release|x86.ActiveCfg = Release|Any CPU
		{5252EEC3-F043-4BCE-B70C-3F346797C91C}.Release|x86.Build.0 = Release|Any CPU
	EndGlobalSection
	GlobalSection(SolutionProperties) = preSolution
		HideSolutionNode = FALSE
	EndGlobalSection
	GlobalSection(NestedProjects) = preSolution
		{0696E4CC-1023-45EE-9BD6-D49EF7C4E0CB} = {827E0CD3-B72D-47B6-A68D-7590B98EB39B}
		{86DB0850-5EB8-4672-BA36-3AC38E62277F} = {827E0CD3-B72D-47B6-A68D-7590B98EB39B}
		{ED8847F5-98F1-4D98-8EE9-95C5C1EE8950} = {827E0CD3-B72D-47B6-A68D-7590B98EB39B}
		{F96094D8-270D-444D-93EE-A3AA58697EEC} = {0AB3BF05-4346-4AA6-1389-037BE0695223}
		{A81CD02A-587F-4FE4-B73B-24E02E5E3417} = {827E0CD3-B72D-47B6-A68D-7590B98EB39B}
		{3DD8E3A4-C83B-4617-AEDF-310DF746AED4} = {0AB3BF05-4346-4AA6-1389-037BE0695223}
		{6FC133A5-D5DE-45B2-8DAB-B10BE225F70A} = {0AB3BF05-4346-4AA6-1389-037BE0695223}
		{E048DE64-CAB1-475A-8C8C-C60098E36566} = {0AB3BF05-4346-4AA6-1389-037BE0695223}
		{C3AA662F-B27F-431C-8A5C-EACE6C13A171} = {0AB3BF05-4346-4AA6-1389-037BE0695223}
		{C8495F63-358C-4C66-B9FD-76F2DB843653} = {827E0CD3-B72D-47B6-A68D-7590B98EB39B}
		{CEE7F212-8735-4453-B169-7A3F7E4770D9} = {827E0CD3-B72D-47B6-A68D-7590B98EB39B}
		{94C03E63-3CCB-42EB-9B3D-5DAA73F958B3} = {827E0CD3-B72D-47B6-A68D-7590B98EB39B}
		{8A4C961F-0F0D-4F40-B1B6-18BDF90A3BEC} = {5D20AA90-6969-D8BD-9DCD-8634F4692FDA}
		{0B9583E0-FAD2-4169-9020-179EF3F184A5} = {0AB3BF05-4346-4AA6-1389-037BE0695223}
		{D90A58FC-3A0F-46A1-BEB8-3CAB6A328170} = {0AB3BF05-4346-4AA6-1389-037BE0695223}
		{9BDD3BFA-59E8-454C-9E13-94EF927C882F} = {0AB3BF05-4346-4AA6-1389-037BE0695223}
		{D5F105F4-740C-44B1-971C-42E40E6FC47A} = {0AB3BF05-4346-4AA6-1389-037BE0695223}
		{7F4406A9-B905-43D7-8BE9-FB92549E6BCE} = {0AB3BF05-4346-4AA6-1389-037BE0695223}
		{7E998BF1-19DD-4912-B038-6864B54D9E15} = {0AB3BF05-4346-4AA6-1389-037BE0695223}
		{2DE59BD3-1832-4538-B563-63AE9C8FD09A} = {0AB3BF05-4346-4AA6-1389-037BE0695223}
		{C1F0B8E4-2DFD-44CA-80EF-41918F531D67} = {0AB3BF05-4346-4AA6-1389-037BE0695223}
		{5252EEC3-F043-4BCE-B70C-3F346797C91C} = {0AB3BF05-4346-4AA6-1389-037BE0695223}
	EndGlobalSection
EndGlobal
